
Microsoft Visual Studio Solution File, Format Version 12.00
# Visual Studio Version 17
VisualStudioVersion = 17.9.34728.123
MinimumVisualStudioVersion = 10.0.40219.1
Project("{FAE04EC0-301F-11D3-BF4B-00C04F79EFBC}") = "Prueba", "Prueba\Prueba.csproj", "{C372C5FE-74AA-4815-911A-A9E518412D53}"
EndProject
Global
	GlobalSection(SolutionConfigurationPlatforms) = preSolution
		Debug|Any CPU = Debug|Any CPU
		Release|Any CPU = Release|Any CPU
	EndGlobalSection
	GlobalSection(ProjectConfigurationPlatforms) = postSolution
		{C372C5FE-74AA-4815-911A-A9E518412D53}.Debug|Any CPU.ActiveCfg = Debug|Any CPU
		{C372C5FE-74AA-4815-911A-A9E518412D53}.Debug|Any CPU.Build.0 = Debug|Any CPU
		{C372C5FE-74AA-4815-911A-A9E518412D53}.Debug|Any CPU.Deploy.0 = Debug|Any CPU
		{C372C5FE-74AA-4815-911A-A9E518412D53}.Release|Any CPU.ActiveCfg = Release|Any CPU
		{C372C5FE-74AA-4815-911A-A9E518412D53}.Release|Any CPU.Build.0 = Release|Any CPU
		{C372C5FE-74AA-4815-911A-A9E518412D53}.Release|Any CPU.Deploy.0 = Release|Any CPU
	EndGlobalSection
	GlobalSection(SolutionProperties) = preSolution
		HideSolutionNode = FALSE
	EndGlobalSection
	GlobalSection(ExtensibilityGlobals) = postSolution
		SolutionGuid = {466679C7-9CAC-4D21-B47B-F6C3FFBF7F4B}
	EndGlobalSection
EndGlobal
